Microsoft Visual Studio Solution File, Format Version 12.00
# Visual Studio Version 17
VisualStudioVersion = 17.5.2.0
MinimumVisualStudioVersion = 10.0.40219.1
Project("{FAE04EC0-301F-11D3-BF4B-00C04F79EFBC}") = "StudentManagementApp", "StudentManagementApp\StudentManagementApp.csproj", "{DE7EA9A2-81F7-3A93-409B-5E2EB477C6CC}"
EndProject
Global
	GlobalSection(SolutionConfigurationPlatforms) = preSolution
		Debug|Any CPU = Debug|Any CPU
		Release|Any CPU = Release|Any CPU
	EndGlobalSection
	GlobalSection(ProjectConfigurationPlatforms) = postSolution
		{DE7EA9A2-81F7-3A93-409B-5E2EB477C6CC}.Debug|Any CPU.ActiveCfg = Debug|Any CPU
		{DE7EA9A2-81F7-3A93-409B-5E2EB477C6CC}.Debug|Any CPU.Build.0 = Debug|Any CPU
		{DE7EA9A2-81F7-3A93-409B-5E2EB477C6CC}.Release|Any CPU.ActiveCfg = Release|Any CPU
		{DE7EA9A2-81F7-3A93-409B-5E2EB477C6CC}.Release|Any CPU.Build.0 = Release|Any CPU
	EndGlobalSection
	GlobalSection(SolutionProperties) = preSolution
		HideSolutionNode = FALSE
	EndGlobalSection
	GlobalSection(ExtensibilityGlobals) = postSolution
		SolutionGuid = {78B2ED6B-066D-420B-A320-DBCCA3EA3F8B}
	EndGlobalSection
EndGlobal
